
Microsoft Visual Studio Solution File, Format Version 12.00
# Visual Studio Version 17
VisualStudioVersion = 17.14.36811.4 d17.14
MinimumVisualStudioVersion = 10.0.40219.1
Project("{AC959CD1-5A2C-4306-BE72-259804B01F08}") = "Pricing_Portal (In Development)", "YTFS8S0TY.myproj", "{AC959CD1-5A2C-4306-BE72-259804B01F08}"
EndProject
Global
	GlobalSection(SolutionConfigurationPlatforms) = preSolution
		Debug|x86 = Debug|x86
	EndGlobalSection
	GlobalSection(ProjectConfigurationPlatforms) = postSolution
		{AC959CD1-5A2C-4306-BE72-259804B01F08}.Debug|x86.ActiveCfg = Debug|x86
	EndGlobalSection
	GlobalSection(SolutionProperties) = preSolution
		HideSolutionNode = FALSE
	EndGlobalSection
	GlobalSection(ExtensibilityGlobals) = postSolution
		SolutionGuid = {E4662499-63EA-4D01-89F7-51F27474C934}
	EndGlobalSection
EndGlobal
